{
    "_readme": [
        "This file locks the dependencies of your project to a known state",
        "Read more about it at https://getcomposer.org/doc/01-basic-usage.md#composer-lock-the-lock-file",
        "This file is @generated automatically"
    ],
    "hash": "45d81aa57736310319bd7e1b8aa8202b",
    "content-hash": "5468c8628d36b9c5ac5d6a4250a4d692",
    "packages": [
        {
            "name": "indieweb/date-formatter",
            "version": "0.3.1",
            "source": {
                "type": "git",
                "url": "https://github.com/indieweb/date-formatter-php.git",
                "reference": "282946ebae0efa5f9c00be88553d76d7a39824ab"
            },
            "dist": {
                "type": "zip",
                "url": "https://api.github.com/repos/indieweb/date-formatter-php/zipball/282946ebae0efa5f9c00be88553d76d7a39824ab",
                "reference": "282946ebae0efa5f9c00be88553d76d7a39824ab",
                "shasum": ""
            },
            "require": {
                "php": ">=5.3.0"
            },
            "require-dev": {
                "mf2/mf2": ">=0.2.12",
                "phpunit/phpunit": "~4.0"
            },
            "type": "library",
            "autoload": {
                "psr-0": {
                    "IndieWeb": "src/"
                }
            },
            "notification-url": "https://packagist.org/downloads/",
            "license": [
                "Apache-2.0"
            ],
            "authors": [
                {
                    "name": "Aaron Parecki",
                    "homepage": "http://aaronparecki.com"
                }
            ],
            "description": "Render dates and date ranges in a human-readable format, including proper microformats-2 markup",
            "homepage": "https://github.com/indieweb/date-formatter-php",
            "keywords": [
                "date",
                "format",
                "microformats",
                "microformats2"
            ],
            "time": "2016-04-05 15:13:00"
        },
        {
            "name": "mf2/mf2",
            "version": "v0.2.12",
            "source": {
                "type": "git",
                "url": "https://github.com/indieweb/php-mf2.git",
                "reference": "6701504876d6c9242eb310b35f41d40d9785ab4e"
            },
            "dist": {
                "type": "zip",
                "url": "https://api.github.com/repos/indieweb/php-mf2/zipball/6701504876d6c9242eb310b35f41d40d9785ab4e",
                "reference": "6701504876d6c9242eb310b35f41d40d9785ab4e",
                "shasum": ""
            },
            "require": {
                "php": ">=5.3.0"
            },
            "require-dev": {
                "phpunit/phpunit": "3.7.*"
            },
            "suggest": {
                "barnabywalters/mf-cleaner": "To more easily handle the canonical data php-mf2 gives you"
            },
            "bin": [
                "bin/fetch-mf2",
                "bin/parse-mf2"
            ],
            "type": "library",
            "autoload": {
                "files": [
                    "Mf2/Parser.php"
                ]
            },
            "notification-url": "https://packagist.org/downloads/",
            "license": [
                "MIT"
            ],
            "authors": [
                {
                    "name": "Barnaby Walters",
                    "homepage": "http://waterpigs.co.uk"
                }
            ],
            "description": "A pure, generic microformats2 parser — makes HTML as easy to consume as a JSON API",
            "keywords": [
                "html",
                "microformats",
                "microformats 2",
                "parser",
                "semantic"
            ],
            "time": "2015-07-12 14:10:01"
        },
        {
            "name": "mibe/feedwriter",
            "version": "v1.0.4",
            "source": {
                "type": "git",
                "url": "https://github.com/mibe/FeedWriter.git",
                "reference": "73b68701f357e70659e91f74ea8680b8526e413b"
            },
            "dist": {
                "type": "zip",
                "url": "https://api.github.com/repos/mibe/FeedWriter/zipball/73b68701f357e70659e91f74ea8680b8526e413b",
                "reference": "73b68701f357e70659e91f74ea8680b8526e413b",
                "shasum": ""
            },
            "require": {
                "php": ">=5.3.0"
            },
            "type": "library",
            "extra": {
                "branch-alias": {
                    "dev-master": "1.0.x-dev"
                }
            },
            "autoload": {
                "classmap": [
                    "ATOM.php",
                    "Feed.php",
                    "Item.php",
                    "RSS1.php",
                    "RSS2.php"
                ]
            },
            "notification-url": "https://packagist.org/downloads/",
            "license": [
                "GPL-3.0"
            ],
            "authors": [
                {
                    "name": "Anis uddin Ahmad"
                },
                {
                    "name": "Michael Bemmerl",
                    "email": "mail@mx-server.de"
                },
                {
                    "name": "Phil Freo"
                },
                {
                    "name": "Paul Ferrett"
                },
                {
                    "name": "Brennen Bearnes"
                },
                {
                    "name": "Michael Robinson",
                    "email": "mike@pagesofinterest.net"
                },
                {
                    "name": "Baptiste Fontaine"
                },
                {
                    "name": "Kristián Valentín"
                },
                {
                    "name": "Brandtley McMinn"
                },
                {
                    "name": "Julian Bogdani"
                }
            ],
            "description": "Generate feeds in either RSS 1.0, RSS 2.0 or ATOM formats",
            "homepage": "https://github.com/mibe/FeedWriter",
            "keywords": [
                "atom",
                "feed",
                "rss"
            ],
            "time": "2016-04-17 21:37:55"
        },
        {
            "name": "p3k/multipart",
            "version": "0.1.1",
            "source": {
                "type": "git",
                "url": "https://github.com/aaronpk/php-multipart-encoder.git",
                "reference": "f5400011b20046cebbdfed686d051fb2aa600a14"
            },
            "dist": {
                "type": "zip",
                "url": "https://api.github.com/repos/aaronpk/php-multipart-encoder/zipball/f5400011b20046cebbdfed686d051fb2aa600a14",
                "reference": "f5400011b20046cebbdfed686d051fb2aa600a14",
                "shasum": ""
            },
            "require": {
                "php": ">5.4.0"
            },
            "type": "library",
            "autoload": {
                "files": [
                    "src/p3k/Multipart.php"
                ]
            },
            "notification-url": "https://packagist.org/downloads/",
            "license": [
                "Apache 2.0"
            ],
            "authors": [
                {
                    "name": "Aaron Parecki",
                    "homepage": "http://aaronparecki.com"
                }
            ],
            "description": "Multipart Encoding Library",
            "time": "2015-07-16 19:28:02"
        },
        {
            "name": "phpmailer/phpmailer",
            "version": "v5.2.16",
            "source": {
                "type": "git",
                "url": "https://github.com/PHPMailer/PHPMailer.git",
                "reference": "1d85f9ef3ecfc42bbc4f3c70d5e37ca9a65f629a"
            },
            "dist": {
                "type": "zip",
                "url": "https://api.github.com/repos/PHPMailer/PHPMailer/zipball/1d85f9ef3ecfc42bbc4f3c70d5e37ca9a65f629a",
                "reference": "1d85f9ef3ecfc42bbc4f3c70d5e37ca9a65f629a",
                "shasum": ""
            },
            "require": {
                "php": ">=5.0.0"
            },
            "require-dev": {
                "phpdocumentor/phpdocumentor": "*",
                "phpunit/phpunit": "4.7.*"
            },
            "suggest": {
                "league/oauth2-google": "Needed for Google XOAUTH2 authentication"
            },
            "type": "library",
            "autoload": {
                "classmap": [
                    "class.phpmailer.php",
                    "class.phpmaileroauth.php",
                    "class.phpmaileroauthgoogle.php",
                    "class.smtp.php",
                    "class.pop3.php",
                    "extras/EasyPeasyICS.php",
                    "extras/ntlm_sasl_client.php"
                ]
            },
            "notification-url": "https://packagist.org/downloads/",
            "license": [
                "LGPL-2.1"
            ],
            "authors": [
                {
                    "name": "Jim Jagielski",
                    "email": "jimjag@gmail.com"
                },
                {
                    "name": "Marcus Bointon",
                    "email": "phpmailer@synchromedia.co.uk"
                },
                {
                    "name": "Andy Prevost",
                    "email": "codeworxtech@users.sourceforge.net"
                },
                {
                    "name": "Brent R. Matzelle"
                }
            ],
            "description": "PHPMailer is a full-featured email creation and transfer class for PHP",
            "time": "2016-06-06 09:09:37"
        },
        {
            "name": "tantek/cassis",
            "version": "dev-master",
            "source": {
                "type": "git",
                "url": "https://github.com/tantek/cassis.git",
                "reference": "8ca2edbd01cb8c9228741bd0064ca708ffb0398b"
            },
            "dist": {
                "type": "zip",
                "url": "https://api.github.com/repos/tantek/cassis/zipball/8ca2edbd01cb8c9228741bd0064ca708ffb0398b",
                "reference": "8ca2edbd01cb8c9228741bd0064ca708ffb0398b",
                "shasum": ""
            },
            "type": "library",
            "autoload": {
                "files": [
                    "cassis.php"
                ]
            },
            "notification-url": "https://packagist.org/downloads/",
            "time": "2016-04-22 00:51:35"
        }
    ],
    "packages-dev": [],
    "aliases": [],
    "minimum-stability": "stable",
    "stability-flags": {
        "tantek/cassis": 20
    },
    "prefer-stable": false,
    "prefer-lowest": false,
    "platform": [],
    "platform-dev": []
}
